{
  "name": "node",
  "version": "0.9.5",
  "lockfileVersion": 1,
  "requires": true,
  "dependencies": {
    "sleep-atomic": {
      "version": "0.9.7",
      "resolved": "https://registry.npmjs.org/sleep-atomic/-/sleep-atomic-0.9.7.tgz",
      "integrity": "sha512-KTDI0eoNup+QVmlApsXQEz6Ti0bK/5ztHCETGj1MhI9USMns1rrgLmttVSay5sVswN0VNY57lKYyR/m8By/B6g=="
    }
  }
}
