{
  "name": "node",
  "version": "0.9.5",
  "lockfileVersion": 1,
  "requires": true,
  "dependencies": {
    "sleep-atomic": {
      "version": "0.9.5",
      "resolved": "https://registry.npmjs.org/sleep-atomic/-/sleep-atomic-0.9.5.tgz",
      "integrity": "sha512-ZMNo0ZDlUZHEQozOoOzat6bOWwlMsZfGqDz01YA+OWJh4UbBumACGnDYP03Siq9N9akiOYCKWzI3EqTOvL6cDw=="
    }
  }
}
