# THIS IS AN AUTOGENERATED FILE. DO NOT EDIT THIS FILE DIRECTLY.
# yarn lockfile v1


sleep-atomic@^0.9.5:
  version "0.9.7"
  resolved "https://registry.yarnpkg.com/sleep-atomic/-/sleep-atomic-0.9.7.tgz#a6d29e22318489dfd0946f07ec002314aec08809"
  integrity sha512-KTDI0eoNup+QVmlApsXQEz6Ti0bK/5ztHCETGj1MhI9USMns1rrgLmttVSay5sVswN0VNY57lKYyR/m8By/B6g==
