# THIS IS AN AUTOGENERATED FILE. DO NOT EDIT THIS FILE DIRECTLY.
# yarn lockfile v1


sleep-atomic@^0.9.5:
  version "0.9.5"
  resolved "https://registry.yarnpkg.com/sleep-atomic/-/sleep-atomic-0.9.5.tgz#3318404b53eb2d602b19fa03ea7b437fbbde49ab"
  integrity sha512-ZMNo0ZDlUZHEQozOoOzat6bOWwlMsZfGqDz01YA+OWJh4UbBumACGnDYP03Siq9N9akiOYCKWzI3EqTOvL6cDw==
